
Microsoft Visual Studio Solution File, Format Version 12.00
# Visual Studio Version 16
VisualStudioVersion = 16.0.30611.23
MinimumVisualStudioVersion = 10.0.40219.1
Project("{FAE04EC0-301F-11D3-BF4B-00C04F79EFBC}") = "AdvancedCSharp", "AdvancedCSharp\AdvancedCSharp.csproj", "{01EE5E07-9B65-43BB-9826-8C42E9F43039}"
EndProject
Global
	GlobalSection(SolutionConfigurationPlatforms) = preSolution
		Debug|Any CPU = Debug|Any CPU
		Release|Any CPU = Release|Any CPU
	EndGlobalSection
	GlobalSection(ProjectConfigurationPlatforms) = postSolution
		{01EE5E07-9B65-43BB-9826-8C42E9F43039}.Debug|Any CPU.ActiveCfg = Debug|Any CPU
		{01EE5E07-9B65-43BB-9826-8C42E9F43039}.Debug|Any CPU.Build.0 = Debug|Any CPU
		{01EE5E07-9B65-43BB-9826-8C42E9F43039}.Release|Any CPU.ActiveCfg = Release|Any CPU
		{01EE5E07-9B65-43BB-9826-8C42E9F43039}.Release|Any CPU.Build.0 = Release|Any CPU
	EndGlobalSection
	GlobalSection(SolutionProperties) = preSolution
		HideSolutionNode = FALSE
	EndGlobalSection
	GlobalSection(ExtensibilityGlobals) = postSolution
		SolutionGuid = {E1ED600F-5253-4A91-A7B3-F530AF9DC7CD}
	EndGlobalSection
EndGlobal
